
Microsoft Visual Studio Solution File, Format Version 12.00
# Visual Studio Version 17
VisualStudioVersion = 17.11.35222.181
MinimumVisualStudioVersion = 10.0.40219.1
Project("{FAE04EC0-301F-11D3-BF4B-00C04F79EFBC}") = "Problema-3.3", "Problema-3.3.csproj", "{726E9DD9-1807-4975-A620-E4AB47A4EBAC}"
EndProject
Global
	GlobalSection(SolutionConfigurationPlatforms) = preSolution
		Debug|Any CPU = Debug|Any CPU
		Release|Any CPU = Release|Any CPU
	EndGlobalSection
	GlobalSection(ProjectConfigurationPlatforms) = postSolution
		{726E9DD9-1807-4975-A620-E4AB47A4EBAC}.Debug|Any CPU.ActiveCfg = Debug|Any CPU
		{726E9DD9-1807-4975-A620-E4AB47A4EBAC}.Debug|Any CPU.Build.0 = Debug|Any CPU
		{726E9DD9-1807-4975-A620-E4AB47A4EBAC}.Release|Any CPU.ActiveCfg = Release|Any CPU
		{726E9DD9-1807-4975-A620-E4AB47A4EBAC}.Release|Any CPU.Build.0 = Release|Any CPU
	EndGlobalSection
	GlobalSection(SolutionProperties) = preSolution
		HideSolutionNode = FALSE
	EndGlobalSection
	GlobalSection(ExtensibilityGlobals) = postSolution
		SolutionGuid = {383F2CE2-62CB-4342-8295-4EDD2644A5D5}
	EndGlobalSection
EndGlobal
